Microsoft Visual Studio Solution File, Format Version 12.00
# Visual Studio Version 17
VisualStudioVersion = 17.5.2.0
MinimumVisualStudioVersion = 10.0.40219.1
Project("{FAE04EC0-301F-11D3-BF4B-00C04F79EFBC}") = "Lineup", "Lineup\Lineup.csproj", "{A26E09ED-CC65-3AF7-B633-B50F6984DAD6}"
EndProject
Global
	GlobalSection(SolutionConfigurationPlatforms) = preSolution
		Debug|Any CPU = Debug|Any CPU
		Release|Any CPU = Release|Any CPU
	EndGlobalSection
	GlobalSection(ProjectConfigurationPlatforms) = postSolution
		{A26E09ED-CC65-3AF7-B633-B50F6984DAD6}.Debug|Any CPU.ActiveCfg = Debug|Any CPU
		{A26E09ED-CC65-3AF7-B633-B50F6984DAD6}.Debug|Any CPU.Build.0 = Debug|Any CPU
		{A26E09ED-CC65-3AF7-B633-B50F6984DAD6}.Release|Any CPU.ActiveCfg = Release|Any CPU
		{A26E09ED-CC65-3AF7-B633-B50F6984DAD6}.Release|Any CPU.Build.0 = Release|Any CPU
	EndGlobalSection
	GlobalSection(SolutionProperties) = preSolution
		HideSolutionNode = FALSE
	EndGlobalSection
	GlobalSection(ExtensibilityGlobals) = postSolution
		SolutionGuid = {B53B5043-CDFA-4A29-BB9E-C20747FDBB11}
	EndGlobalSection
EndGlobal
